{
  "originHash" : "d3b55b5e94f429ea17892da5a6ad9fff75d00a82849cf90bd141d5e07a2b95fe",
  "pins" : [
    {
      "identity" : "nuke",
      "kind" : "remoteSourceControl",
      "location" : "https://github.com/kean/Nuke",
      "state" : {
        "revision" : "0ead44350d2737db384908569c012fe67c421e4d",
        "version" : "12.8.0"
      }
    },
    {
      "identity" : "swiftui-shimmer",
      "kind" : "remoteSourceControl",
      "location" : "https://github.com/markiv/SwiftUI-Shimmer",
      "state" : {
        "revision" : "e3aa4226b0fafe345ca1c920f516b6a2f3e0aacc",
        "version" : "1.5.0"
      }
    }
  ],
  "version" : 3
}
